
Microsoft Visual Studio Solution File, Format Version 12.00
# Visual Studio Version 17
VisualStudioVersion = 17.9.34607.119
MinimumVisualStudioVersion = 10.0.40219.1
Project("{FAE04EC0-301F-11D3-BF4B-00C04F79EFBC}") = "DIServceOuterInner", "DIServceOuterInner.csproj", "{0DEBF195-6472-442E-B452-5F093555F9D9}"
EndProject
Global
	GlobalSection(SolutionConfigurationPlatforms) = preSolution
		Debug|Any CPU = Debug|Any CPU
		Release|Any CPU = Release|Any CPU
	EndGlobalSection
	GlobalSection(ProjectConfigurationPlatforms) = postSolution
		{0DEBF195-6472-442E-B452-5F093555F9D9}.Debug|Any CPU.ActiveCfg = Debug|Any CPU
		{0DEBF195-6472-442E-B452-5F093555F9D9}.Debug|Any CPU.Build.0 = Debug|Any CPU
		{0DEBF195-6472-442E-B452-5F093555F9D9}.Release|Any CPU.ActiveCfg = Release|Any CPU
		{0DEBF195-6472-442E-B452-5F093555F9D9}.Release|Any CPU.Build.0 = Release|Any CPU
	EndGlobalSection
	GlobalSection(SolutionProperties) = preSolution
		HideSolutionNode = FALSE
	EndGlobalSection
	GlobalSection(ExtensibilityGlobals) = postSolution
		SolutionGuid = {926EAECF-2472-49C3-8829-F63860BF269B}
	EndGlobalSection
EndGlobal
